
Microsoft Visual Studio Solution File, Format Version 12.00
# Visual Studio Version 16
VisualStudioVersion = 16.0.29709.97
MinimumVisualStudioVersion = 10.0.40219.1
Project("{FAE04EC0-301F-11D3-BF4B-00C04F79EFBC}") = "JFICompiler", "JFICompiler.csproj", "{3E87C599-0DA9-48C5-91E6-D12303CA2B53}"
EndProject
Global
	GlobalSection(SolutionConfigurationPlatforms) = preSolution
		Debug|Any CPU = Debug|Any CPU
		Release|Any CPU = Release|Any CPU
	EndGlobalSection
	GlobalSection(ProjectConfigurationPlatforms) = postSolution
		{3E87C599-0DA9-48C5-91E6-D12303CA2B53}.Debug|Any CPU.ActiveCfg = Debug|Any CPU
		{3E87C599-0DA9-48C5-91E6-D12303CA2B53}.Debug|Any CPU.Build.0 = Debug|Any CPU
		{3E87C599-0DA9-48C5-91E6-D12303CA2B53}.Release|Any CPU.ActiveCfg = Release|Any CPU
		{3E87C599-0DA9-48C5-91E6-D12303CA2B53}.Release|Any CPU.Build.0 = Release|Any CPU
	EndGlobalSection
	GlobalSection(SolutionProperties) = preSolution
		HideSolutionNode = FALSE
	EndGlobalSection
	GlobalSection(ExtensibilityGlobals) = postSolution
		SolutionGuid = {8C9502C5-191E-4783-A05F-7EB88F2FA902}
	EndGlobalSection
EndGlobal
